Microsoft Visual Studio Solution File, Format Version 12.00
# Visual Studio Version 17
VisualStudioVersion = 17.5.2.0
MinimumVisualStudioVersion = 10.0.40219.1
Project("{FAE04EC0-301F-11D3-BF4B-00C04F79EFBC}") = "AutoAST", "AutoAST.csproj", "{FB44BF41-790A-9A28-DA89-99D92E1DA4BB}"
EndProject
Global
	GlobalSection(SolutionConfigurationPlatforms) = preSolution
		Debug|Any CPU = Debug|Any CPU
		Release|Any CPU = Release|Any CPU
	EndGlobalSection
	GlobalSection(ProjectConfigurationPlatforms) = postSolution
		{FB44BF41-790A-9A28-DA89-99D92E1DA4BB}.Debug|Any CPU.ActiveCfg = Debug|Any CPU
		{FB44BF41-790A-9A28-DA89-99D92E1DA4BB}.Debug|Any CPU.Build.0 = Debug|Any CPU
		{FB44BF41-790A-9A28-DA89-99D92E1DA4BB}.Release|Any CPU.ActiveCfg = Release|Any CPU
		{FB44BF41-790A-9A28-DA89-99D92E1DA4BB}.Release|Any CPU.Build.0 = Release|Any CPU
	EndGlobalSection
	GlobalSection(SolutionProperties) = preSolution
		HideSolutionNode = FALSE
	EndGlobalSection
	GlobalSection(ExtensibilityGlobals) = postSolution
		SolutionGuid = {D24157B6-0D6A-496D-BFE5-613F9F2E39D1}
	EndGlobalSection
EndGlobal
